
Microsoft Visual Studio Solution File, Format Version 12.00
# Visual Studio Version 16
VisualStudioVersion = 16.0.29709.97
MinimumVisualStudioVersion = 10.0.40219.1
Project("{9A19103F-16F7-4668-BE54-9A1E7A4F7556}") = "WebServer", "WebServer\WebServer.csproj", "{9A10C094-240C-4415-86B3-E77D13DBBF9A}"
EndProject
Project("{2150E333-8FDC-42A3-9474-1A3956D46DE8}") = "Solution Items", "Solution Items", "{17614DFE-B108-4848-AFC6-1B3316CE01AF}"
	ProjectSection(SolutionItems) = preProject
		.editorconfig = .editorconfig
	EndProjectSection
EndProject
Global
	GlobalSection(SolutionConfigurationPlatforms) = preSolution
		Debug|Any CPU = Debug|Any CPU
		Release|Any CPU = Release|Any CPU
	EndGlobalSection
	GlobalSection(ProjectConfigurationPlatforms) = postSolution
		{9A10C094-240C-4415-86B3-E77D13DBBF9A}.Debug|Any CPU.ActiveCfg = Debug|Any CPU
		{9A10C094-240C-4415-86B3-E77D13DBBF9A}.Debug|Any CPU.Build.0 = Debug|Any CPU
		{9A10C094-240C-4415-86B3-E77D13DBBF9A}.Release|Any CPU.ActiveCfg = Release|Any CPU
		{9A10C094-240C-4415-86B3-E77D13DBBF9A}.Release|Any CPU.Build.0 = Release|Any CPU
	EndGlobalSection
	GlobalSection(SolutionProperties) = preSolution
		HideSolutionNode = FALSE
	EndGlobalSection
	GlobalSection(ExtensibilityGlobals) = postSolution
		SolutionGuid = {B864C538-97AF-42C4-AE55-A55B2292F7BE}
	EndGlobalSection
EndGlobal
